
Microsoft Visual Studio Solution File, Format Version 12.00
# Visual Studio 14
VisualStudioVersion = 14.0.25420.1
MinimumVisualStudioVersion = 10.0.40219.1
Project("{FAE04EC0-301F-11D3-BF4B-00C04F79EFBC}") = "Calculator", "Calculator\Calculator.csproj", "{AA1852DB-5A74-465A-9612-3FB2EEF70ED2}"
EndProject
Project("{FAE04EC0-301F-11D3-BF4B-00C04F79EFBC}") = "FSM_Calculator", "FSM_Calculator\FSM_Calculator.csproj", "{DFE6B302-4C8B-4D4E-9022-5B8083644469}"
EndProject
Project("{FAE04EC0-301F-11D3-BF4B-00C04F79EFBC}") = "e.Graphics", "e.Graphics\e.Graphics.csproj", "{F0A2C27D-2107-4D79-BAC3-491560660718}"
EndProject
Project("{FAE04EC0-301F-11D3-BF4B-00C04F79EFBC}") = "GraphOOP", "GraphOOP\GraphOOP.csproj", "{75F66CCE-41BD-426D-9751-BBD8739A9ECF}"
EndProject
Global
	GlobalSection(SolutionConfigurationPlatforms) = preSolution
		Debug|Any CPU = Debug|Any CPU
		Release|Any CPU = Release|Any CPU
	EndGlobalSection
	GlobalSection(ProjectConfigurationPlatforms) = postSolution
		{AA1852DB-5A74-465A-9612-3FB2EEF70ED2}.Debug|Any CPU.ActiveCfg = Debug|Any CPU
		{AA1852DB-5A74-465A-9612-3FB2EEF70ED2}.Debug|Any CPU.Build.0 = Debug|Any CPU
		{AA1852DB-5A74-465A-9612-3FB2EEF70ED2}.Release|Any CPU.ActiveCfg = Release|Any CPU
		{AA1852DB-5A74-465A-9612-3FB2EEF70ED2}.Release|Any CPU.Build.0 = Release|Any CPU
		{DFE6B302-4C8B-4D4E-9022-5B8083644469}.Debug|Any CPU.ActiveCfg = Debug|Any CPU
		{DFE6B302-4C8B-4D4E-9022-5B8083644469}.Debug|Any CPU.Build.0 = Debug|Any CPU
		{DFE6B302-4C8B-4D4E-9022-5B8083644469}.Release|Any CPU.ActiveCfg = Release|Any CPU
		{DFE6B302-4C8B-4D4E-9022-5B8083644469}.Release|Any CPU.Build.0 = Release|Any CPU
		{F0A2C27D-2107-4D79-BAC3-491560660718}.Debug|Any CPU.ActiveCfg = Debug|Any CPU
		{F0A2C27D-2107-4D79-BAC3-491560660718}.Debug|Any CPU.Build.0 = Debug|Any CPU
		{F0A2C27D-2107-4D79-BAC3-491560660718}.Release|Any CPU.ActiveCfg = Release|Any CPU
		{F0A2C27D-2107-4D79-BAC3-491560660718}.Release|Any CPU.Build.0 = Release|Any CPU
		{75F66CCE-41BD-426D-9751-BBD8739A9ECF}.Debug|Any CPU.ActiveCfg = Debug|Any CPU
		{75F66CCE-41BD-426D-9751-BBD8739A9ECF}.Debug|Any CPU.Build.0 = Debug|Any CPU
		{75F66CCE-41BD-426D-9751-BBD8739A9ECF}.Release|Any CPU.ActiveCfg = Release|Any CPU
		{75F66CCE-41BD-426D-9751-BBD8739A9ECF}.Release|Any CPU.Build.0 = Release|Any CPU
	EndGlobalSection
	GlobalSection(SolutionProperties) = preSolution
		HideSolutionNode = FALSE
	EndGlobalSection
EndGlobal
